
Microsoft Visual Studio Solution File, Format Version 12.00
# Visual Studio Version 17
VisualStudioVersion = 17.0.32112.339
MinimumVisualStudioVersion = 10.0.40219.1
Project("{FAE04EC0-301F-11D3-BF4B-00C04F79EFBC}") = "Tarea1_4.Android", "Tarea1_4.Android\Tarea1_4.Android.csproj", "{73A27324-7914-47AE-BF49-C9600B54BC3C}"
EndProject
Project("{FAE04EC0-301F-11D3-BF4B-00C04F79EFBC}") = "Tarea1_4", "Tarea1_4\Tarea1_4.csproj", "{E4EBC11A-CE8E-4C56-BCF7-0D69EB1325B3}"
EndProject
Global
	GlobalSection(SolutionConfigurationPlatforms) = preSolution
		Debug|Any CPU = Debug|Any CPU
		Release|Any CPU = Release|Any CPU
	EndGlobalSection
	GlobalSection(ProjectConfigurationPlatforms) = postSolution
		{73A27324-7914-47AE-BF49-C9600B54BC3C}.Debug|Any CPU.ActiveCfg = Debug|Any CPU
		{73A27324-7914-47AE-BF49-C9600B54BC3C}.Debug|Any CPU.Build.0 = Debug|Any CPU
		{73A27324-7914-47AE-BF49-C9600B54BC3C}.Debug|Any CPU.Deploy.0 = Debug|Any CPU
		{73A27324-7914-47AE-BF49-C9600B54BC3C}.Release|Any CPU.ActiveCfg = Release|Any CPU
		{73A27324-7914-47AE-BF49-C9600B54BC3C}.Release|Any CPU.Build.0 = Release|Any CPU
		{73A27324-7914-47AE-BF49-C9600B54BC3C}.Release|Any CPU.Deploy.0 = Release|Any CPU
		{E4EBC11A-CE8E-4C56-BCF7-0D69EB1325B3}.Debug|Any CPU.ActiveCfg = Debug|Any CPU
		{E4EBC11A-CE8E-4C56-BCF7-0D69EB1325B3}.Debug|Any CPU.Build.0 = Debug|Any CPU
		{E4EBC11A-CE8E-4C56-BCF7-0D69EB1325B3}.Debug|Any CPU.Deploy.0 = Debug|Any CPU
		{E4EBC11A-CE8E-4C56-BCF7-0D69EB1325B3}.Release|Any CPU.ActiveCfg = Release|Any CPU
		{E4EBC11A-CE8E-4C56-BCF7-0D69EB1325B3}.Release|Any CPU.Build.0 = Release|Any CPU
		{E4EBC11A-CE8E-4C56-BCF7-0D69EB1325B3}.Release|Any CPU.Deploy.0 = Release|Any CPU
	EndGlobalSection
	GlobalSection(SolutionProperties) = preSolution
		HideSolutionNode = FALSE
	EndGlobalSection
	GlobalSection(ExtensibilityGlobals) = postSolution
		SolutionGuid = {035D9AA4-A762-4C2D-8043-80DE50186BA1}
	EndGlobalSection
EndGlobal
